<?xml version="1.0" encoding="utf-8"?>
<Project ToolsVersion="4.0" xmlns="http://schemas.microsoft.com/developer/msbuild/2003">
  <ItemGroup>
    <ClCompile Include="Assert.cpp">
      <Filter>Source</Filter>
    </ClCompile>
    <ClCompile Include="DebugThread.cpp">
      <Filter>Source</Filter>
    </ClCompile>
    <ClCompile Include="DebugThreadHelpers.cpp">
      <Filter>Source</Filter>
    </ClCompile>
    <ClCompile Include="HelperFuncs.cpp">
      <Filter>Source</Filter>
    </ClCompile>
    <ClCompile Include="Logger.cpp">
      <Filter>Source</Filter>
    </ClCompile>
    <ClCompile Include="MenuItems.cpp">
      <Filter>Source</Filter>
    </ClCompile>
    <ClCompile Include="WatchDogThread.cpp">
      <Filter>Source</Filter>
    </ClCompile>
    <ClCompile Include="WndProc.cpp">
      <Filter>Source</Filter>
    </ClCompile>
    <ClCompile Include="Main.cpp">
      <Filter>Source</Filter>
    </ClCompile>
  </ItemGroup>
  <ItemGroup>
    <ClInclude Include="Includes\Assert.h">
      <Filter>Headers</Filter>
    </ClInclude>
    <ClInclude Include="Includes\Helpers.h">
      <Filter>Headers</Filter>
    </ClInclude>
    <ClInclude Include="Includes\CommonInclude.h">
      <Filter>Headers</Filter>
    </ClInclude>
    <ClInclude Include="Includes\DbgHelpers.h">
      <Filter>Headers</Filter>
    </ClInclude>
    <ClInclude Include="Includes\DebugThread.h">
      <Filter>Headers</Filter>
    </ClInclude>
    <ClInclude Include="Includes\DebugThreadHelpers.h">
      <Filter>Headers</Filter>
    </ClInclude>
    <ClInclude Include="Includes\HelperFuncs.h">
      <Filter>Headers</Filter>
    </ClInclude>
    <ClInclude Include="Includes\Logger.h">
      <Filter>Headers</Filter>
    </ClInclude>
    <ClInclude Include="Includes\MenuItems.h">
      <Filter>Headers</Filter>
    </ClInclude>
    <ClInclude Include="Resources\resource.h">
      <Filter>Headers</Filter>
    </ClInclude>
    <ClInclude Include="Includes\Utils.h">
      <Filter>Headers</Filter>
    </ClInclude>
    <ClInclude Include="Includes\WndProc.h">
      <Filter>Headers</Filter>
    </ClInclude>
    <ClInclude Include="Includes\WatchDogThread.h">
      <Filter>Headers</Filter>
    </ClInclude>
  </ItemGroup>
  <ItemGroup>
    <Filter Include="Source">
      <UniqueIdentifier>{0c784481-576a-44f1-840c-3328bfc991d9}</UniqueIdentifier>
    </Filter>
    <Filter Include="Headers">
      <UniqueIdentifier>{7c21be98-4e07-4742-82df-53235a25ff1f}</UniqueIdentifier>
    </Filter>
    <Filter Include="Resource">
      <UniqueIdentifier>{a7ca9d34-d94b-45bc-87f9-3c686dacdb32}</UniqueIdentifier>
    </Filter>
  </ItemGroup>
  <ItemGroup>
    <None Include="Resources\Icon_Main.bmp">
      <Filter>Resource</Filter>
    </None>
  </ItemGroup>
  <ItemGroup>
    <ResourceCompile Include="Resources\ProcessTracer.rc">
      <Filter>Resource</Filter>
    </ResourceCompile>
  </ItemGroup>
</Project>